PODS:
  - LiveValues (1.1.4)
  - PixelKit (0.8.2):
    - LiveValues (~> 1.1)
    - RenderKit (~> 0.3)
    - SwiftSVG (~> 2.0)
  - RenderKit (0.3.1):
    - LiveValues (~> 1.1)
  - SwiftSVG (2.3.2)
  - Zip (1.1.0)

DEPENDENCIES:
  - PixelKit
  - Zip

SPEC REPOS:
  https://github.com/cocoapods/specs.git:
    - LiveValues
    - PixelKit
    - RenderKit
    - SwiftSVG
    - Zip

SPEC CHECKSUMS:
  LiveValues: 5b40e21e1f19f87b8d605b4db1456004ec3f4deb
  PixelKit: 6ce733ffc3cb268a49b1206050c537602947e53d
  RenderKit: 7e0466b72a5cbba1b332e3e975f8556d67c2fadb
  SwiftSVG: ca7f64e403b8ea7ea8eba8c823b83ba4a059834c
  Zip: 8877eede3dda76bcac281225c20e71c25270774c

PODFILE CHECKSUM: fac61684c9baaa31cab26f384e684fecdf0f2425

COCOAPODS: 1.7.5
