// !$*UTF8*$!
{
	archiveVersion = 1;
	classes = {
	};
	objectVersion = 50;
	objects = {

/* Begin PBXBuildFile section */
		05A55DB6FC64F1BC0AA6F020 /* Pods_Sora.framework in Frameworks */ = {isa = PBXBuildFile; fileRef = EA36FBAC61A4D0914018E192 /* Pods_Sora.framework */; };
		7482B266236F22410086C661 /* AppDelegate.swift in Sources */ = {isa = PBXBuildFile; fileRef = 7482B265236F22410086C661 /* AppDelegate.swift */; };
		7482B268236F22410086C661 /* SceneDelegate.swift in Sources */ = {isa = PBXBuildFile; fileRef = 7482B267236F22410086C661 /* SceneDelegate.swift */; };
		7482B26A236F22410086C661 /* ContentView.swift in Sources */ = {isa = PBXBuildFile; fileRef = 7482B269236F22410086C661 /* ContentView.swift */; };
		7482B26C236F22430086C661 /* Assets.xcassets in Resources */ = {isa = PBXBuildFile; fileRef = 7482B26B236F22430086C661 /* Assets.xcassets */; };
		7482B26F236F22430086C661 /* Preview Assets.xcassets in Resources */ = {isa = PBXBuildFile; fileRef = 7482B26E236F22430086C661 /* Preview Assets.xcassets */; };
		7482B272236F22430086C661 /* LaunchScreen.storyboard in Resources */ = {isa = PBXBuildFile; fileRef = 7482B270236F22430086C661 /* LaunchScreen.storyboard */; };
/* End PBXBuildFile section */

/* Begin PBXFileReference section */
		48418DC605E724739CFE525C /* Pods-Sora.debug.xcconfig */ = {isa = PBXFileReference; includeInIndex = 1; lastKnownFileType = text.xcconfig; name = "Pods-Sora.debug.xcconfig"; path = "Target Support Files/Pods-Sora/Pods-Sora.debug.xcconfig"; sourceTree = "<group>"; };
		7482B262236F22410086C661 /* Sora.app */ = {isa = PBXFileReference; explicitFileType = wrapper.application; includeInIndex = 0; path = Sora.app; sourceTree = BUILT_PRODUCTS_DIR; };
		7482B265236F22410086C661 /* AppDelegate.swift */ = {isa = PBXFileReference; lastKnownFileType = sourcecode.swift; path = AppDelegate.swift; sourceTree = "<group>"; };
		7482B267236F22410086C661 /* SceneDelegate.swift */ = {isa = PBXFileReference; lastKnownFileType = sourcecode.swift; path = SceneDelegate.swift; sourceTree = "<group>"; };
		7482B269236F22410086C661 /* ContentView.swift */ = {isa = PBXFileReference; lastKnownFileType = sourcecode.swift; path = ContentView.swift; sourceTree = "<group>"; };
		7482B26B236F22430086C661 /* Assets.xcassets */ = {isa = PBXFileReference; lastKnownFileType = folder.assetcatalog; path = Assets.xcassets; sourceTree = "<group>"; };
		7482B26E236F22430086C661 /* Preview Assets.xcassets */ = {isa = PBXFileReference; lastKnownFileType = folder.assetcatalog; path = "Preview Assets.xcassets"; sourceTree = "<group>"; };
		7482B271236F22430086C661 /* Base */ = {isa = PBXFileReference; lastKnownFileType = file.storyboard; name = Base; path = Base.lproj/LaunchScreen.storyboard; sourceTree = "<group>"; };
		7482B273236F22430086C661 /* Info.plist */ = {isa = PBXFileReference; lastKnownFileType = text.plist.xml; path = Info.plist; sourceTree = "<group>"; };
		A6B7AE5C5867645CC84BF077 /* Pods-Sora.release.xcconfig */ = {isa = PBXFileReference; includeInIndex = 1; lastKnownFileType = text.xcconfig; name = "Pods-Sora.release.xcconfig"; path = "Target Support Files/Pods-Sora/Pods-Sora.release.xcconfig"; sourceTree = "<group>"; };
		EA36FBAC61A4D0914018E192 /* Pods_Sora.framework */ = {isa = PBXFileReference; explicitFileType = wrapper.framework; includeInIndex = 0; path = Pods_Sora.framework; sourceTree = BUILT_PRODUCTS_DIR; };
/* End PBXFileReference section */

/* Begin PBXFrameworksBuildPhase section */
		7482B25F236F22410086C661 /* Frameworks */ = {
			isa = PBXFrameworksBuildPhase;
			buildActionMask = 2147483647;
			files = (
				05A55DB6FC64F1BC0AA6F020 /* Pods_Sora.framework in Frameworks */,
			);
			runOnlyForDeploymentPostprocessing = 0;
		};
/* End PBXFrameworksBuildPhase section */

/* Begin PBXGroup section */
		31646DC138878589607B54ED /* Frameworks */ = {
			isa = PBXGroup;
			children = (
				EA36FBAC61A4D0914018E192 /* Pods_Sora.framework */,
			);
			name = Frameworks;
			sourceTree = "<group>";
		};
		7482B259236F22410086C661 = {
			isa = PBXGroup;
			children = (
				7482B264236F22410086C661 /* Sora */,
				7482B263236F22410086C661 /* Products */,
				BFC7823421B5FA90D91F6FD3 /* Pods */,
				31646DC138878589607B54ED /* Frameworks */,
			);
			sourceTree = "<group>";
		};
		7482B263236F22410086C661 /* Products */ = {
			isa = PBXGroup;
			children = (
				7482B262236F22410086C661 /* Sora.app */,
			);
			name = Products;
			sourceTree = "<group>";
		};
		7482B264236F22410086C661 /* Sora */ = {
			isa = PBXGroup;
			children = (
				7482B265236F22410086C661 /* AppDelegate.swift */,
				7482B267236F22410086C661 /* SceneDelegate.swift */,
				7482B269236F22410086C661 /* ContentView.swift */,
				7482B26B236F22430086C661 /* Assets.xcassets */,
				7482B270236F22430086C661 /* LaunchScreen.storyboard */,
				7482B273236F22430086C661 /* Info.plist */,
				7482B26D236F22430086C661 /* Preview Content */,
			);
			path = Sora;
			sourceTree = "<group>";
		};
		7482B26D236F22430086C661 /* Preview Content */ = {
			isa = PBXGroup;
			children = (
				7482B26E236F22430086C661 /* Preview Assets.xcassets */,
			);
			path = "Preview Content";
			sourceTree = "<group>";
		};
		BFC7823421B5FA90D91F6FD3 /* Pods */ = {
			isa = PBXGroup;
			children = (
				48418DC605E724739CFE525C /* Pods-Sora.debug.xcconfig */,
				A6B7AE5C5867645CC84BF077 /* Pods-Sora.release.xcconfig */,
			);
			name = Pods;
			path = Pods;
			sourceTree = "<group>";
		};
/* End PBXGroup section */

/* Begin PBXNativeTarget section */
		7482B261236F22410086C661 /* Sora */ = {
			isa = PBXNativeTarget;
			buildConfigurationList = 7482B276236F22430086C661 /* Build configuration list for PBXNativeTarget "Sora" */;
			buildPhases = (
				8475E706EBECA3A0F5EB6B8D /* [CP] Check Pods Manifest.lock */,
				7482B25E236F22410086C661 /* Sources */,
				7482B25F236F22410086C661 /* Frameworks */,
				7482B260236F22410086C661 /* Resources */,
				5DC95D4F9F3BD11B49D60801 /* [CP] Embed Pods Frameworks */,
			);
			buildRules = (
			);
			dependencies = (
			);
			name = Sora;
			productName = Sora;
			productReference = 7482B262236F22410086C661 /* Sora.app */;
			productType = "com.apple.product-type.application";
		};
/* End PBXNativeTarget section */

/* Begin PBXProject section */
		7482B25A236F22410086C661 /* Project object */ = {
			isa = PBXProject;
			attributes = {
				LastSwiftUpdateCheck = 1120;
				LastUpgradeCheck = 1120;
				ORGANIZATIONNAME = Hexagons;
				TargetAttributes = {
					7482B261236F22410086C661 = {
						CreatedOnToolsVersion = 11.2;
					};
				};
			};
			buildConfigurationList = 7482B25D236F22410086C661 /* Build configuration list for PBXProject "Sora" */;
			compatibilityVersion = "Xcode 9.3";
			developmentRegion = en;
			hasScannedForEncodings = 0;
			knownRegions = (
				en,
				Base,
			);
			mainGroup = 7482B259236F22410086C661;
			productRefGroup = 7482B263236F22410086C661 /* Products */;
			projectDirPath = "";
			projectRoot = "";
			targets = (
				7482B261236F22410086C661 /* Sora */,
			);
		};
/* End PBXProject section */

/* Begin PBXResourcesBuildPhase section */
		7482B260236F22410086C661 /* Resources */ = {
			isa = PBXResourcesBuildPhase;
			buildActionMask = 2147483647;
			files = (
				7482B272236F22430086C661 /* LaunchScreen.storyboard in Resources */,
				7482B26F236F22430086C661 /* Preview Assets.xcassets in Resources */,
				7482B26C236F22430086C661 /* Assets.xcassets in Resources */,
			);
			runOnlyForDeploymentPostprocessing = 0;
		};
/* End PBXResourcesBuildPhase section */

/* Begin PBXShellScriptBuildPhase section */
		5DC95D4F9F3BD11B49D60801 /* [CP] Embed Pods Frameworks */ = {
			isa = PBXShellScriptBuildPhase;
			buildActionMask = 2147483647;
			files = (
			);
			inputFileListPaths = (
				"${PODS_ROOT}/Target Support Files/Pods-Sora/Pods-Sora-frameworks-${CONFIGURATION}-input-files.xcfilelist",
			);
			name = "[CP] Embed Pods Frameworks";
			outputFileListPaths = (
				"${PODS_ROOT}/Target Support Files/Pods-Sora/Pods-Sora-frameworks-${CONFIGURATION}-output-files.xcfilelist",
			);
			runOnlyForDeploymentPostprocessing = 0;
			shellPath = /bin/sh;
			shellScript = "\"${PODS_ROOT}/Target Support Files/Pods-Sora/Pods-Sora-frameworks.sh\"\n";
			showEnvVarsInLog = 0;
		};
		8475E706EBECA3A0F5EB6B8D /* [CP] Check Pods Manifest.lock */ = {
			isa = PBXShellScriptBuildPhase;
			buildActionMask = 2147483647;
			files = (
			);
			inputFileListPaths = (
			);
			inputPaths = (
				"${PODS_PODFILE_DIR_PATH}/Podfile.lock",
				"${PODS_ROOT}/Manifest.lock",
			);
			name = "[CP] Check Pods Manifest.lock";
			outputFileListPaths = (
			);
			outputPaths = (
				"$(DERIVED_FILE_DIR)/Pods-Sora-checkManifestLockResult.txt",
			);
			runOnlyForDeploymentPostprocessing = 0;
			shellPath = /bin/sh;
			shellScript = "diff \"${PODS_PODFILE_DIR_PATH}/Podfile.lock\" \"${PODS_ROOT}/Manifest.lock\" > /dev/null\nif [ $? != 0 ] ; then\n    # print error to STDERR\n    echo \"error: The sandbox is not in sync with the Podfile.lock. Run 'pod install' or update your CocoaPods installation.\" >&2\n    exit 1\nfi\n# This output is used by Xcode 'outputs' to avoid re-running this script phase.\necho \"SUCCESS\" > \"${SCRIPT_OUTPUT_FILE_0}\"\n";
			showEnvVarsInLog = 0;
		};
/* End PBXShellScriptBuildPhase section */

/* Begin PBXSourcesBuildPhase section */
		7482B25E236F22410086C661 /* Sources */ = {
			isa = PBXSourcesBuildPhase;
			buildActionMask = 2147483647;
			files = (
				7482B266236F22410086C661 /* AppDelegate.swift in Sources */,
				7482B268236F22410086C661 /* SceneDelegate.swift in Sources */,
				7482B26A236F22410086C661 /* ContentView.swift in Sources */,
			);
			runOnlyForDeploymentPostprocessing = 0;
		};
/* End PBXSourcesBuildPhase section */

/* Begin PBXVariantGroup section */
		7482B270236F22430086C661 /* LaunchScreen.storyboard */ = {
			isa = PBXVariantGroup;
			children = (
				7482B271236F22430086C661 /* Base */,
			);
			name = LaunchScreen.storyboard;
			sourceTree = "<group>";
		};
/* End PBXVariantGroup section */

/* Begin XCBuildConfiguration section */
		7482B274236F22430086C661 /* Debug */ = {
			isa = XCBuildConfiguration;
			buildSettings = {
				ALWAYS_SEARCH_USER_PATHS = NO;
				CLANG_ANALYZER_NONNULL = YES;
				CLANG_ANALYZER_NUMBER_OBJECT_CONVERSION = YES_AGGRESSIVE;
				CLANG_CXX_LANGUAGE_STANDARD = "gnu++14";
				CLANG_CXX_LIBRARY = "libc++";
				CLANG_ENABLE_MODULES = YES;
				CLANG_ENABLE_OBJC_ARC = YES;
				CLANG_ENABLE_OBJC_WEAK = YES;
				CLANG_WARN_BLOCK_CAPTURE_AUTORELEASING = YES;
				CLANG_WARN_BOOL_CONVERSION = YES;
				CLANG_WARN_COMMA = YES;
				CLANG_WARN_CONSTANT_CONVERSION = YES;
				CLANG_WARN_DEPRECATED_OBJC_IMPLEMENTATIONS = YES;
				CLANG_WARN_DIRECT_OBJC_ISA_USAGE = YES_ERROR;
				CLANG_WARN_DOCUMENTATION_COMMENTS = YES;
				CLANG_WARN_EMPTY_BODY = YES;
				CLANG_WARN_ENUM_CONVERSION = YES;
				CLANG_WARN_INFINITE_RECURSION = YES;
				CLANG_WARN_INT_CONVERSION = YES;
				CLANG_WARN_NON_LITERAL_NULL_CONVERSION = YES;
				CLANG_WARN_OBJC_IMPLICIT_RETAIN_SELF = YES;
				CLANG_WARN_OBJC_LITERAL_CONVERSION = YES;
				CLANG_WARN_OBJC_ROOT_CLASS = YES_ERROR;
				CLANG_WARN_RANGE_LOOP_ANALYSIS = YES;
				CLANG_WARN_STRICT_PROTOTYPES = YES;
				CLANG_WARN_SUSPICIOUS_MOVE = YES;
				CLANG_WARN_UNGUARDED_AVAILABILITY = YES_AGGRESSIVE;
				CLANG_WARN_UNREACHABLE_CODE = YES;
				CLANG_WARN__DUPLICATE_METHOD_MATCH = YES;
				COPY_PHASE_STRIP = NO;
				DEBUG_INFORMATION_FORMAT = dwarf;
				ENABLE_STRICT_OBJC_MSGSEND = YES;
				ENABLE_TESTABILITY = YES;
				GCC_C_LANGUAGE_STANDARD = gnu11;
				GCC_DYNAMIC_NO_PIC = NO;
				GCC_NO_COMMON_BLOCKS = YES;
				GCC_OPTIMIZATION_LEVEL = 0;
				GCC_PREPROCESSOR_DEFINITIONS = (
					"DEBUG=1",
					"$(inherited)",
				);
				GCC_WARN_64_TO_32_BIT_CONVERSION = YES;
				GCC_WARN_ABOUT_RETURN_TYPE = YES_ERROR;
				GCC_WARN_UNDECLARED_SELECTOR = YES;
				GCC_WARN_UNINITIALIZED_AUTOS = YES_AGGRESSIVE;
				GCC_WARN_UNUSED_FUNCTION = YES;
				GCC_WARN_UNUSED_VARIABLE = YES;
				IPHONEOS_DEPLOYMENT_TARGET = 13.2;
				MTL_ENABLE_DEBUG_INFO = INCLUDE_SOURCE;
				MTL_FAST_MATH = YES;
				ONLY_ACTIVE_ARCH = YES;
				SDKROOT = iphoneos;
				SWIFT_ACTIVE_COMPILATION_CONDITIONS = DEBUG;
				SWIFT_OPTIMIZATION_LEVEL = "-Onone";
			};
			name = Debug;
		};
		7482B275236F22430086C661 /* Release */ = {
			isa = XCBuildConfiguration;
			buildSettings = {
				ALWAYS_SEARCH_USER_PATHS = NO;
				CLANG_ANALYZER_NONNULL = YES;
				CLANG_ANALYZER_NUMBER_OBJECT_CONVERSION = YES_AGGRESSIVE;
				CLANG_CXX_LANGUAGE_STANDARD = "gnu++14";
				CLANG_CXX_LIBRARY = "libc++";
				CLANG_ENABLE_MODULES = YES;
				CLANG_ENABLE_OBJC_ARC = YES;
				CLANG_ENABLE_OBJC_WEAK = YES;
				CLANG_WARN_BLOCK_CAPTURE_AUTORELEASING = YES;
				CLANG_WARN_BOOL_CONVERSION = YES;
				CLANG_WARN_COMMA = YES;
				CLANG_WARN_CONSTANT_CONVERSION = YES;
				CLANG_WARN_DEPRECATED_OBJC_IMPLEMENTATIONS = YES;
				CLANG_WARN_DIRECT_OBJC_ISA_USAGE = YES_ERROR;
				CLANG_WARN_DOCUMENTATION_COMMENTS = YES;
				CLANG_WARN_EMPTY_BODY = YES;
				CLANG_WARN_ENUM_CONVERSION = YES;
				CLANG_WARN_INFINITE_RECURSION = YES;
				CLANG_WARN_INT_CONVERSION = YES;
				CLANG_WARN_NON_LITERAL_NULL_CONVERSION = YES;
				CLANG_WARN_OBJC_IMPLICIT_RETAIN_SELF = YES;
				CLANG_WARN_OBJC_LITERAL_CONVERSION = YES;
				CLANG_WARN_OBJC_ROOT_CLASS = YES_ERROR;
				CLANG_WARN_RANGE_LOOP_ANALYSIS = YES;
				CLANG_WARN_STRICT_PROTOTYPES = YES;
				CLANG_WARN_SUSPICIOUS_MOVE = YES;
				CLANG_WARN_UNGUARDED_AVAILABILITY = YES_AGGRESSIVE;
				CLANG_WARN_UNREACHABLE_CODE = YES;
				CLANG_WARN__DUPLICATE_METHOD_MATCH = YES;
				COPY_PHASE_STRIP = NO;
				DEBUG_INFORMATION_FORMAT = "dwarf-with-dsym";
				ENABLE_NS_ASSERTIONS = NO;
				ENABLE_STRICT_OBJC_MSGSEND = YES;
				GCC_C_LANGUAGE_STANDARD = gnu11;
				GCC_NO_COMMON_BLOCKS = YES;
				GCC_WARN_64_TO_32_BIT_CONVERSION = YES;
				GCC_WARN_ABOUT_RETURN_TYPE = YES_ERROR;
				GCC_WARN_UNDECLARED_SELECTOR = YES;
				GCC_WARN_UNINITIALIZED_AUTOS = YES_AGGRESSIVE;
				GCC_WARN_UNUSED_FUNCTION = YES;
				GCC_WARN_UNUSED_VARIABLE = YES;
				IPHONEOS_DEPLOYMENT_TARGET = 13.2;
				MTL_ENABLE_DEBUG_INFO = NO;
				MTL_FAST_MATH = YES;
				SDKROOT = iphoneos;
				SWIFT_COMPILATION_MODE = wholemodule;
				SWIFT_OPTIMIZATION_LEVEL = "-O";
				VALIDATE_PRODUCT = YES;
			};
			name = Release;
		};
		7482B277236F22430086C661 /* Debug */ = {
			isa = XCBuildConfiguration;
			baseConfigurationReference = 48418DC605E724739CFE525C /* Pods-Sora.debug.xcconfig */;
			buildSettings = {
				ASSETCATALOG_COMPILER_APPICON_NAME = AppIcon;
				CODE_SIGN_STYLE = Automatic;
				DEVELOPMENT_ASSET_PATHS = "\"Sora/Preview Content\"";
				DEVELOPMENT_TEAM = 2QHTY6FMW2;
				ENABLE_PREVIEWS = YES;
				INFOPLIST_FILE = Sora/Info.plist;
				LD_RUNPATH_SEARCH_PATHS = (
					"$(inherited)",
					"@executable_path/Frameworks",
				);
				PRODUCT_BUNDLE_IDENTIFIER = se.hexagons.Sora;
				PRODUCT_NAME = "$(TARGET_NAME)";
				SWIFT_VERSION = 5.0;
				TARGETED_DEVICE_FAMILY = "1,2";
			};
			name = Debug;
		};
		7482B278236F22430086C661 /* Release */ = {
			isa = XCBuildConfiguration;
			baseConfigurationReference = A6B7AE5C5867645CC84BF077 /* Pods-Sora.release.xcconfig */;
			buildSettings = {
				ASSETCATALOG_COMPILER_APPICON_NAME = AppIcon;
				CODE_SIGN_STYLE = Automatic;
				DEVELOPMENT_ASSET_PATHS = "\"Sora/Preview Content\"";
				DEVELOPMENT_TEAM = 2QHTY6FMW2;
				ENABLE_PREVIEWS = YES;
				INFOPLIST_FILE = Sora/Info.plist;
				LD_RUNPATH_SEARCH_PATHS = (
					"$(inherited)",
					"@executable_path/Frameworks",
				);
				PRODUCT_BUNDLE_IDENTIFIER = se.hexagons.Sora;
				PRODUCT_NAME = "$(TARGET_NAME)";
				SWIFT_VERSION = 5.0;
				TARGETED_DEVICE_FAMILY = "1,2";
			};
			name = Release;
		};
/* End XCBuildConfiguration section */

/* Begin XCConfigurationList section */
		7482B25D236F22410086C661 /* Build configuration list for PBXProject "Sora" */ = {
			isa = XCConfigurationList;
			buildConfigurations = (
				7482B274236F22430086C661 /* Debug */,
				7482B275236F22430086C661 /* Release */,
			);
			defaultConfigurationIsVisible = 0;
			defaultConfigurationName = Release;
		};
		7482B276236F22430086C661 /* Build configuration list for PBXNativeTarget "Sora" */ = {
			isa = XCConfigurationList;
			buildConfigurations = (
				7482B277236F22430086C661 /* Debug */,
				7482B278236F22430086C661 /* Release */,
			);
			defaultConfigurationIsVisible = 0;
			defaultConfigurationName = Release;
		};
/* End XCConfigurationList section */
	};
	rootObject = 7482B25A236F22410086C661 /* Project object */;
}
