// !$*UTF8*$!
{
	archiveVersion = 1;
	classes = {
	};
	objectVersion = 51;
	objects = {

/* Begin PBXBuildFile section */
		690F81B2B69712D4DE13375C /* Pods_Sora.framework in Frameworks */ = {isa = PBXBuildFile; fileRef = A200F2C4ED449784414BCDEA /* Pods_Sora.framework */; };
		74ED8EBB236F3F3F004BD10E /* AppDelegate.swift in Sources */ = {isa = PBXBuildFile; fileRef = 74ED8EBA236F3F3F004BD10E /* AppDelegate.swift */; };
		74ED8EBD236F3F3F004BD10E /* SceneDelegate.swift in Sources */ = {isa = PBXBuildFile; fileRef = 74ED8EBC236F3F3F004BD10E /* SceneDelegate.swift */; };
		74ED8EBF236F3F3F004BD10E /* ContentView.swift in Sources */ = {isa = PBXBuildFile; fileRef = 74ED8EBE236F3F3F004BD10E /* ContentView.swift */; };
		74ED8EC1236F3F42004BD10E /* Assets.xcassets in Resources */ = {isa = PBXBuildFile; fileRef = 74ED8EC0236F3F42004BD10E /* Assets.xcassets */; };
		74ED8EC4236F3F42004BD10E /* Preview Assets.xcassets in Resources */ = {isa = PBXBuildFile; fileRef = 74ED8EC3236F3F42004BD10E /* Preview Assets.xcassets */; };
		74ED8EC7236F3F42004BD10E /* LaunchScreen.storyboard in Resources */ = {isa = PBXBuildFile; fileRef = 74ED8EC5236F3F42004BD10E /* LaunchScreen.storyboard */; };
		74ED8ED0236F3FAD004BD10E /* Sora.swift in Sources */ = {isa = PBXBuildFile; fileRef = 74ED8ECE236F3FAC004BD10E /* Sora.swift */; };
		74ED8ED1236F3FAD004BD10E /* LiveView.swift in Sources */ = {isa = PBXBuildFile; fileRef = 74ED8ECF236F3FAD004BD10E /* LiveView.swift */; };
/* End PBXBuildFile section */

/* Begin PBXFileReference section */
		32262DFF99FBFF00BBB107F0 /* Pods-Sora.release.xcconfig */ = {isa = PBXFileReference; includeInIndex = 1; lastKnownFileType = text.xcconfig; name = "Pods-Sora.release.xcconfig"; path = "Target Support Files/Pods-Sora/Pods-Sora.release.xcconfig"; sourceTree = "<group>"; };
		63A68C94BF672B1470D941FC /* Pods-Sora.debug.xcconfig */ = {isa = PBXFileReference; includeInIndex = 1; lastKnownFileType = text.xcconfig; name = "Pods-Sora.debug.xcconfig"; path = "Target Support Files/Pods-Sora/Pods-Sora.debug.xcconfig"; sourceTree = "<group>"; };
		74ED8EB7236F3F3F004BD10E /* Sora.app */ = {isa = PBXFileReference; explicitFileType = wrapper.application; includeInIndex = 0; path = Sora.app; sourceTree = BUILT_PRODUCTS_DIR; };
		74ED8EBA236F3F3F004BD10E /* AppDelegate.swift */ = {isa = PBXFileReference; lastKnownFileType = sourcecode.swift; path = AppDelegate.swift; sourceTree = "<group>"; };
		74ED8EBC236F3F3F004BD10E /* SceneDelegate.swift */ = {isa = PBXFileReference; lastKnownFileType = sourcecode.swift; path = SceneDelegate.swift; sourceTree = "<group>"; };
		74ED8EBE236F3F3F004BD10E /* ContentView.swift */ = {isa = PBXFileReference; lastKnownFileType = sourcecode.swift; path = ContentView.swift; sourceTree = "<group>"; };
		74ED8EC0236F3F42004BD10E /* Assets.xcassets */ = {isa = PBXFileReference; lastKnownFileType = folder.assetcatalog; path = Assets.xcassets; sourceTree = "<group>"; };
		74ED8EC3236F3F42004BD10E /* Preview Assets.xcassets */ = {isa = PBXFileReference; lastKnownFileType = folder.assetcatalog; path = "Preview Assets.xcassets"; sourceTree = "<group>"; };
		74ED8EC6236F3F42004BD10E /* Base */ = {isa = PBXFileReference; lastKnownFileType = file.storyboard; name = Base; path = Base.lproj/LaunchScreen.storyboard; sourceTree = "<group>"; };
		74ED8EC8236F3F42004BD10E /* Info.plist */ = {isa = PBXFileReference; lastKnownFileType = text.plist.xml; path = Info.plist; sourceTree = "<group>"; };
		74ED8ECE236F3FAC004BD10E /* Sora.swift */ = {isa = PBXFileReference; fileEncoding = 4; lastKnownFileType = sourcecode.swift; path = Sora.swift; sourceTree = "<group>"; };
		74ED8ECF236F3FAD004BD10E /* LiveView.swift */ = {isa = PBXFileReference; fileEncoding = 4; lastKnownFileType = sourcecode.swift; path = LiveView.swift; sourceTree = "<group>"; };
		A200F2C4ED449784414BCDEA /* Pods_Sora.framework */ = {isa = PBXFileReference; explicitFileType = wrapper.framework; includeInIndex = 0; path = Pods_Sora.framework; sourceTree = BUILT_PRODUCTS_DIR; };
/* End PBXFileReference section */

/* Begin PBXFrameworksBuildPhase section */
		74ED8EB4236F3F3F004BD10E /* Frameworks */ = {
			isa = PBXFrameworksBuildPhase;
			buildActionMask = 2147483647;
			files = (
				690F81B2B69712D4DE13375C /* Pods_Sora.framework in Frameworks */,
			);
			runOnlyForDeploymentPostprocessing = 0;
		};
/* End PBXFrameworksBuildPhase section */

/* Begin PBXGroup section */
		296B415DB53B9BEF282209A8 /* Frameworks */ = {
			isa = PBXGroup;
			children = (
				A200F2C4ED449784414BCDEA /* Pods_Sora.framework */,
			);
			name = Frameworks;
			sourceTree = "<group>";
		};
		74ED8EAE236F3F3F004BD10E = {
			isa = PBXGroup;
			children = (
				74ED8EB9236F3F3F004BD10E /* Sora */,
				74ED8EB8236F3F3F004BD10E /* Products */,
				ED4070C8AB2D4CAA2961D39B /* Pods */,
				296B415DB53B9BEF282209A8 /* Frameworks */,
			);
			sourceTree = "<group>";
		};
		74ED8EB8236F3F3F004BD10E /* Products */ = {
			isa = PBXGroup;
			children = (
				74ED8EB7236F3F3F004BD10E /* Sora.app */,
			);
			name = Products;
			sourceTree = "<group>";
		};
		74ED8EB9236F3F3F004BD10E /* Sora */ = {
			isa = PBXGroup;
			children = (
				74ED8EBA236F3F3F004BD10E /* AppDelegate.swift */,
				74ED8EBC236F3F3F004BD10E /* SceneDelegate.swift */,
				74ED8EBE236F3F3F004BD10E /* ContentView.swift */,
				74ED8ECF236F3FAD004BD10E /* LiveView.swift */,
				74ED8ECE236F3FAC004BD10E /* Sora.swift */,
				74ED8EC0236F3F42004BD10E /* Assets.xcassets */,
				74ED8EC5236F3F42004BD10E /* LaunchScreen.storyboard */,
				74ED8EC8236F3F42004BD10E /* Info.plist */,
				74ED8EC2236F3F42004BD10E /* Preview Content */,
			);
			path = Sora;
			sourceTree = "<group>";
		};
		74ED8EC2236F3F42004BD10E /* Preview Content */ = {
			isa = PBXGroup;
			children = (
				74ED8EC3236F3F42004BD10E /* Preview Assets.xcassets */,
			);
			path = "Preview Content";
			sourceTree = "<group>";
		};
		ED4070C8AB2D4CAA2961D39B /* Pods */ = {
			isa = PBXGroup;
			children = (
				63A68C94BF672B1470D941FC /* Pods-Sora.debug.xcconfig */,
				32262DFF99FBFF00BBB107F0 /* Pods-Sora.release.xcconfig */,
			);
			path = Pods;
			sourceTree = "<group>";
		};
/* End PBXGroup section */

/* Begin PBXNativeTarget section */
		74ED8EB6236F3F3F004BD10E /* Sora */ = {
			isa = PBXNativeTarget;
			buildConfigurationList = 74ED8ECB236F3F42004BD10E /* Build configuration list for PBXNativeTarget "Sora" */;
			buildPhases = (
				F78413A81F1F1CBA70B97DB7 /* [CP] Check Pods Manifest.lock */,
				74ED8EB3236F3F3F004BD10E /* Sources */,
				74ED8EB4236F3F3F004BD10E /* Frameworks */,
				74ED8EB5236F3F3F004BD10E /* Resources */,
				9F7CEF9AC94BB7BAABE59632 /* [CP] Embed Pods Frameworks */,
			);
			buildRules = (
			);
			dependencies = (
			);
			name = Sora;
			productName = Sora;
			productReference = 74ED8EB7236F3F3F004BD10E /* Sora.app */;
			productType = "com.apple.product-type.application";
		};
/* End PBXNativeTarget section */

/* Begin PBXProject section */
		74ED8EAF236F3F3F004BD10E /* Project object */ = {
			isa = PBXProject;
			attributes = {
				LastSwiftUpdateCheck = 1120;
				LastUpgradeCheck = 1120;
				ORGANIZATIONNAME = Hexagons;
				TargetAttributes = {
					74ED8EB6236F3F3F004BD10E = {
						CreatedOnToolsVersion = 11.2;
					};
				};
			};
			buildConfigurationList = 74ED8EB2236F3F3F004BD10E /* Build configuration list for PBXProject "Sora" */;
			compatibilityVersion = "Xcode 9.3";
			developmentRegion = en;
			hasScannedForEncodings = 0;
			knownRegions = (
				en,
				Base,
			);
			mainGroup = 74ED8EAE236F3F3F004BD10E;
			productRefGroup = 74ED8EB8236F3F3F004BD10E /* Products */;
			projectDirPath = "";
			projectRoot = "";
			targets = (
				74ED8EB6236F3F3F004BD10E /* Sora */,
			);
		};
/* End PBXProject section */

/* Begin PBXResourcesBuildPhase section */
		74ED8EB5236F3F3F004BD10E /* Resources */ = {
			isa = PBXResourcesBuildPhase;
			buildActionMask = 2147483647;
			files = (
				74ED8EC7236F3F42004BD10E /* LaunchScreen.storyboard in Resources */,
				74ED8EC4236F3F42004BD10E /* Preview Assets.xcassets in Resources */,
				74ED8EC1236F3F42004BD10E /* Assets.xcassets in Resources */,
			);
			runOnlyForDeploymentPostprocessing = 0;
		};
/* End PBXResourcesBuildPhase section */

/* Begin PBXShellScriptBuildPhase section */
		9F7CEF9AC94BB7BAABE59632 /* [CP] Embed Pods Frameworks */ = {
			isa = PBXShellScriptBuildPhase;
			buildActionMask = 2147483647;
			files = (
			);
			inputFileListPaths = (
				"${PODS_ROOT}/Target Support Files/Pods-Sora/Pods-Sora-frameworks-${CONFIGURATION}-input-files.xcfilelist",
			);
			name = "[CP] Embed Pods Frameworks";
			outputFileListPaths = (
				"${PODS_ROOT}/Target Support Files/Pods-Sora/Pods-Sora-frameworks-${CONFIGURATION}-output-files.xcfilelist",
			);
			runOnlyForDeploymentPostprocessing = 0;
			shellPath = /bin/sh;
			shellScript = "\"${PODS_ROOT}/Target Support Files/Pods-Sora/Pods-Sora-frameworks.sh\"\n";
			showEnvVarsInLog = 0;
		};
		F78413A81F1F1CBA70B97DB7 /* [CP] Check Pods Manifest.lock */ = {
			isa = PBXShellScriptBuildPhase;
			buildActionMask = 2147483647;
			files = (
			);
			inputFileListPaths = (
			);
			inputPaths = (
				"${PODS_PODFILE_DIR_PATH}/Podfile.lock",
				"${PODS_ROOT}/Manifest.lock",
			);
			name = "[CP] Check Pods Manifest.lock";
			outputFileListPaths = (
			);
			outputPaths = (
				"$(DERIVED_FILE_DIR)/Pods-Sora-checkManifestLockResult.txt",
			);
			runOnlyForDeploymentPostprocessing = 0;
			shellPath = /bin/sh;
			shellScript = "diff \"${PODS_PODFILE_DIR_PATH}/Podfile.lock\" \"${PODS_ROOT}/Manifest.lock\" > /dev/null\nif [ $? != 0 ] ; then\n    # print error to STDERR\n    echo \"error: The sandbox is not in sync with the Podfile.lock. Run 'pod install' or update your CocoaPods installation.\" >&2\n    exit 1\nfi\n# This output is used by Xcode 'outputs' to avoid re-running this script phase.\necho \"SUCCESS\" > \"${SCRIPT_OUTPUT_FILE_0}\"\n";
			showEnvVarsInLog = 0;
		};
/* End PBXShellScriptBuildPhase section */

/* Begin PBXSourcesBuildPhase section */
		74ED8EB3236F3F3F004BD10E /* Sources */ = {
			isa = PBXSourcesBuildPhase;
			buildActionMask = 2147483647;
			files = (
				74ED8EBB236F3F3F004BD10E /* AppDelegate.swift in Sources */,
				74ED8ED1236F3FAD004BD10E /* LiveView.swift in Sources */,
				74ED8EBD236F3F3F004BD10E /* SceneDelegate.swift in Sources */,
				74ED8ED0236F3FAD004BD10E /* Sora.swift in Sources */,
				74ED8EBF236F3F3F004BD10E /* ContentView.swift in Sources */,
			);
			runOnlyForDeploymentPostprocessing = 0;
		};
/* End PBXSourcesBuildPhase section */

/* Begin PBXVariantGroup section */
		74ED8EC5236F3F42004BD10E /* LaunchScreen.storyboard */ = {
			isa = PBXVariantGroup;
			children = (
				74ED8EC6236F3F42004BD10E /* Base */,
			);
			name = LaunchScreen.storyboard;
			sourceTree = "<group>";
		};
/* End PBXVariantGroup section */

/* Begin XCBuildConfiguration section */
		74ED8EC9236F3F42004BD10E /* Debug */ = {
			isa = XCBuildConfiguration;
			buildSettings = {
				ALWAYS_SEARCH_USER_PATHS = NO;
				CLANG_ANALYZER_NONNULL = YES;
				CLANG_ANALYZER_NUMBER_OBJECT_CONVERSION = YES_AGGRESSIVE;
				CLANG_CXX_LANGUAGE_STANDARD = "gnu++14";
				CLANG_CXX_LIBRARY = "libc++";
				CLANG_ENABLE_MODULES = YES;
				CLANG_ENABLE_OBJC_ARC = YES;
				CLANG_ENABLE_OBJC_WEAK = YES;
				CLANG_WARN_BLOCK_CAPTURE_AUTORELEASING = YES;
				CLANG_WARN_BOOL_CONVERSION = YES;
				CLANG_WARN_COMMA = YES;
				CLANG_WARN_CONSTANT_CONVERSION = YES;
				CLANG_WARN_DEPRECATED_OBJC_IMPLEMENTATIONS = YES;
				CLANG_WARN_DIRECT_OBJC_ISA_USAGE = YES_ERROR;
				CLANG_WARN_DOCUMENTATION_COMMENTS = YES;
				CLANG_WARN_EMPTY_BODY = YES;
				CLANG_WARN_ENUM_CONVERSION = YES;
				CLANG_WARN_INFINITE_RECURSION = YES;
				CLANG_WARN_INT_CONVERSION = YES;
				CLANG_WARN_NON_LITERAL_NULL_CONVERSION = YES;
				CLANG_WARN_OBJC_IMPLICIT_RETAIN_SELF = YES;
				CLANG_WARN_OBJC_LITERAL_CONVERSION = YES;
				CLANG_WARN_OBJC_ROOT_CLASS = YES_ERROR;
				CLANG_WARN_RANGE_LOOP_ANALYSIS = YES;
				CLANG_WARN_STRICT_PROTOTYPES = YES;
				CLANG_WARN_SUSPICIOUS_MOVE = YES;
				CLANG_WARN_UNGUARDED_AVAILABILITY = YES_AGGRESSIVE;
				CLANG_WARN_UNREACHABLE_CODE = YES;
				CLANG_WARN__DUPLICATE_METHOD_MATCH = YES;
				COPY_PHASE_STRIP = NO;
				DEBUG_INFORMATION_FORMAT = dwarf;
				ENABLE_STRICT_OBJC_MSGSEND = YES;
				ENABLE_TESTABILITY = YES;
				GCC_C_LANGUAGE_STANDARD = gnu11;
				GCC_DYNAMIC_NO_PIC = NO;
				GCC_NO_COMMON_BLOCKS = YES;
				GCC_OPTIMIZATION_LEVEL = 0;
				GCC_PREPROCESSOR_DEFINITIONS = (
					"DEBUG=1",
					"$(inherited)",
				);
				GCC_WARN_64_TO_32_BIT_CONVERSION = YES;
				GCC_WARN_ABOUT_RETURN_TYPE = YES_ERROR;
				GCC_WARN_UNDECLARED_SELECTOR = YES;
				GCC_WARN_UNINITIALIZED_AUTOS = YES_AGGRESSIVE;
				GCC_WARN_UNUSED_FUNCTION = YES;
				GCC_WARN_UNUSED_VARIABLE = YES;
				IPHONEOS_DEPLOYMENT_TARGET = 13.2;
				MTL_ENABLE_DEBUG_INFO = INCLUDE_SOURCE;
				MTL_FAST_MATH = YES;
				ONLY_ACTIVE_ARCH = YES;
				SDKROOT = iphoneos;
				SWIFT_ACTIVE_COMPILATION_CONDITIONS = DEBUG;
				SWIFT_OPTIMIZATION_LEVEL = "-Onone";
			};
			name = Debug;
		};
		74ED8ECA236F3F42004BD10E /* Release */ = {
			isa = XCBuildConfiguration;
			buildSettings = {
				ALWAYS_SEARCH_USER_PATHS = NO;
				CLANG_ANALYZER_NONNULL = YES;
				CLANG_ANALYZER_NUMBER_OBJECT_CONVERSION = YES_AGGRESSIVE;
				CLANG_CXX_LANGUAGE_STANDARD = "gnu++14";
				CLANG_CXX_LIBRARY = "libc++";
				CLANG_ENABLE_MODULES = YES;
				CLANG_ENABLE_OBJC_ARC = YES;
				CLANG_ENABLE_OBJC_WEAK = YES;
				CLANG_WARN_BLOCK_CAPTURE_AUTORELEASING = YES;
				CLANG_WARN_BOOL_CONVERSION = YES;
				CLANG_WARN_COMMA = YES;
				CLANG_WARN_CONSTANT_CONVERSION = YES;
				CLANG_WARN_DEPRECATED_OBJC_IMPLEMENTATIONS = YES;
				CLANG_WARN_DIRECT_OBJC_ISA_USAGE = YES_ERROR;
				CLANG_WARN_DOCUMENTATION_COMMENTS = YES;
				CLANG_WARN_EMPTY_BODY = YES;
				CLANG_WARN_ENUM_CONVERSION = YES;
				CLANG_WARN_INFINITE_RECURSION = YES;
				CLANG_WARN_INT_CONVERSION = YES;
				CLANG_WARN_NON_LITERAL_NULL_CONVERSION = YES;
				CLANG_WARN_OBJC_IMPLICIT_RETAIN_SELF = YES;
				CLANG_WARN_OBJC_LITERAL_CONVERSION = YES;
				CLANG_WARN_OBJC_ROOT_CLASS = YES_ERROR;
				CLANG_WARN_RANGE_LOOP_ANALYSIS = YES;
				CLANG_WARN_STRICT_PROTOTYPES = YES;
				CLANG_WARN_SUSPICIOUS_MOVE = YES;
				CLANG_WARN_UNGUARDED_AVAILABILITY = YES_AGGRESSIVE;
				CLANG_WARN_UNREACHABLE_CODE = YES;
				CLANG_WARN__DUPLICATE_METHOD_MATCH = YES;
				COPY_PHASE_STRIP = NO;
				DEBUG_INFORMATION_FORMAT = "dwarf-with-dsym";
				ENABLE_NS_ASSERTIONS = NO;
				ENABLE_STRICT_OBJC_MSGSEND = YES;
				GCC_C_LANGUAGE_STANDARD = gnu11;
				GCC_NO_COMMON_BLOCKS = YES;
				GCC_WARN_64_TO_32_BIT_CONVERSION = YES;
				GCC_WARN_ABOUT_RETURN_TYPE = YES_ERROR;
				GCC_WARN_UNDECLARED_SELECTOR = YES;
				GCC_WARN_UNINITIALIZED_AUTOS = YES_AGGRESSIVE;
				GCC_WARN_UNUSED_FUNCTION = YES;
				GCC_WARN_UNUSED_VARIABLE = YES;
				IPHONEOS_DEPLOYMENT_TARGET = 13.2;
				MTL_ENABLE_DEBUG_INFO = NO;
				MTL_FAST_MATH = YES;
				SDKROOT = iphoneos;
				SWIFT_COMPILATION_MODE = wholemodule;
				SWIFT_OPTIMIZATION_LEVEL = "-O";
				VALIDATE_PRODUCT = YES;
			};
			name = Release;
		};
		74ED8ECC236F3F42004BD10E /* Debug */ = {
			isa = XCBuildConfiguration;
			baseConfigurationReference = 63A68C94BF672B1470D941FC /* Pods-Sora.debug.xcconfig */;
			buildSettings = {
				ASSETCATALOG_COMPILER_APPICON_NAME = AppIcon;
				CODE_SIGN_STYLE = Automatic;
				DEVELOPMENT_ASSET_PATHS = "\"Sora/Preview Content\"";
				DEVELOPMENT_TEAM = 2QHTY6FMW2;
				ENABLE_PREVIEWS = YES;
				INFOPLIST_FILE = Sora/Info.plist;
				LD_RUNPATH_SEARCH_PATHS = (
					"$(inherited)",
					"@executable_path/Frameworks",
				);
				PRODUCT_BUNDLE_IDENTIFIER = se.hexagons.sora;
				PRODUCT_NAME = "$(TARGET_NAME)";
				SWIFT_VERSION = 5.0;
				TARGETED_DEVICE_FAMILY = 1;
			};
			name = Debug;
		};
		74ED8ECD236F3F42004BD10E /* Release */ = {
			isa = XCBuildConfiguration;
			baseConfigurationReference = 32262DFF99FBFF00BBB107F0 /* Pods-Sora.release.xcconfig */;
			buildSettings = {
				ASSETCATALOG_COMPILER_APPICON_NAME = AppIcon;
				CODE_SIGN_STYLE = Automatic;
				DEVELOPMENT_ASSET_PATHS = "\"Sora/Preview Content\"";
				DEVELOPMENT_TEAM = 2QHTY6FMW2;
				ENABLE_PREVIEWS = YES;
				INFOPLIST_FILE = Sora/Info.plist;
				LD_RUNPATH_SEARCH_PATHS = (
					"$(inherited)",
					"@executable_path/Frameworks",
				);
				PRODUCT_BUNDLE_IDENTIFIER = se.hexagons.sora;
				PRODUCT_NAME = "$(TARGET_NAME)";
				SWIFT_VERSION = 5.0;
				TARGETED_DEVICE_FAMILY = 1;
			};
			name = Release;
		};
/* End XCBuildConfiguration section */

/* Begin XCConfigurationList section */
		74ED8EB2236F3F3F004BD10E /* Build configuration list for PBXProject "Sora" */ = {
			isa = XCConfigurationList;
			buildConfigurations = (
				74ED8EC9236F3F42004BD10E /* Debug */,
				74ED8ECA236F3F42004BD10E /* Release */,
			);
			defaultConfigurationIsVisible = 0;
			defaultConfigurationName = Release;
		};
		74ED8ECB236F3F42004BD10E /* Build configuration list for PBXNativeTarget "Sora" */ = {
			isa = XCConfigurationList;
			buildConfigurations = (
				74ED8ECC236F3F42004BD10E /* Debug */,
				74ED8ECD236F3F42004BD10E /* Release */,
			);
			defaultConfigurationIsVisible = 0;
			defaultConfigurationName = Release;
		};
/* End XCConfigurationList section */
	};
	rootObject = 74ED8EAF236F3F3F004BD10E /* Project object */;
}
