// !$*UTF8*$!
{
	archiveVersion = 1;
	classes = {
	};
	objectVersion = 51;
	objects = {

/* Begin PBXBuildFile section */
		71DA31AFD95FE797AFCE3458 /* Pods_Sora.framework in Frameworks */ = {isa = PBXBuildFile; fileRef = BFA2A03AAA76417A55859E3D /* Pods_Sora.framework */; };
		7413BD82237825440059E297 /* DisplayPhotoView.swift in Sources */ = {isa = PBXBuildFile; fileRef = 7418C60D2377304E00261816 /* DisplayPhotoView.swift */; };
		7418C5EA2371F87500261816 /* ShareView.swift in Sources */ = {isa = PBXBuildFile; fileRef = 7418C5E92371F87500261816 /* ShareView.swift */; };
		7418C60C23772EF100261816 /* DisplayPhoto.swift in Sources */ = {isa = PBXBuildFile; fileRef = 7418C60B23772EF100261816 /* DisplayPhoto.swift */; };
		7429783323703B570094A16B /* Constants.swift in Sources */ = {isa = PBXBuildFile; fileRef = 7429783223703B570094A16B /* Constants.swift */; };
		745125C723782D96002616C4 /* PDF.swift in Sources */ = {isa = PBXBuildFile; fileRef = 745125C623782D96002616C4 /* PDF.swift */; };
		745125C923782E66002616C4 /* Share.swift in Sources */ = {isa = PBXBuildFile; fileRef = 745125C823782E66002616C4 /* Share.swift */; };
		74C2C1A923707A8B00D976DE /* GridView.swift in Sources */ = {isa = PBXBuildFile; fileRef = 74C2C1A823707A8B00D976DE /* GridView.swift */; };
		74C8A34A236F6E2A000F4314 /* DisplayView.swift in Sources */ = {isa = PBXBuildFile; fileRef = 74C8A349236F6E2A000F4314 /* DisplayView.swift */; };
		74C8A34C236F6ED2000F4314 /* CaptureView.swift in Sources */ = {isa = PBXBuildFile; fileRef = 74C8A34B236F6ED2000F4314 /* CaptureView.swift */; };
		74C8A35123700C76000F4314 /* PageView.swift in Sources */ = {isa = PBXBuildFile; fileRef = 74C8A35023700C76000F4314 /* PageView.swift */; };
		74C8A35323701055000F4314 /* PhotoView.swift in Sources */ = {isa = PBXBuildFile; fileRef = 74C8A35223701055000F4314 /* PhotoView.swift */; };
		74C8A3552370112D000F4314 /* TemplateViews.swift in Sources */ = {isa = PBXBuildFile; fileRef = 74C8A3542370112C000F4314 /* TemplateViews.swift */; };
		74C8A35823701448000F4314 /* Models.swift in Sources */ = {isa = PBXBuildFile; fileRef = 74C8A35723701448000F4314 /* Models.swift */; };
		74D0B7D5237045240026CDE9 /* GradientView.swift in Sources */ = {isa = PBXBuildFile; fileRef = 74D0B7D4237045240026CDE9 /* GradientView.swift */; };
		74DD430F2371D69D0010F122 /* document.json in Resources */ = {isa = PBXBuildFile; fileRef = 74DD430B2371D69D0010F122 /* document.json */; };
		74DD43102371D69D0010F122 /* user.json in Resources */ = {isa = PBXBuildFile; fileRef = 74DD430C2371D69D0010F122 /* user.json */; };
		74DD43112371D69D0010F122 /* page.json in Resources */ = {isa = PBXBuildFile; fileRef = 74DD430D2371D69D0010F122 /* page.json */; };
		74DD43122371D69D0010F122 /* meta.json in Resources */ = {isa = PBXBuildFile; fileRef = 74DD430E2371D69D0010F122 /* meta.json */; };
		74DD43142371D7310010F122 /* Sketch.swift in Sources */ = {isa = PBXBuildFile; fileRef = 74DD43132371D7310010F122 /* Sketch.swift */; };
		74ED8EBB236F3F3F004BD10E /* AppDelegate.swift in Sources */ = {isa = PBXBuildFile; fileRef = 74ED8EBA236F3F3F004BD10E /* AppDelegate.swift */; };
		74ED8EBD236F3F3F004BD10E /* SceneDelegate.swift in Sources */ = {isa = PBXBuildFile; fileRef = 74ED8EBC236F3F3F004BD10E /* SceneDelegate.swift */; };
		74ED8EBF236F3F3F004BD10E /* ContentView.swift in Sources */ = {isa = PBXBuildFile; fileRef = 74ED8EBE236F3F3F004BD10E /* ContentView.swift */; };
		74ED8EC1236F3F42004BD10E /* Assets.xcassets in Resources */ = {isa = PBXBuildFile; fileRef = 74ED8EC0236F3F42004BD10E /* Assets.xcassets */; };
		74ED8EC4236F3F42004BD10E /* Preview Assets.xcassets in Resources */ = {isa = PBXBuildFile; fileRef = 74ED8EC3236F3F42004BD10E /* Preview Assets.xcassets */; };
		74ED8EC7236F3F42004BD10E /* LaunchScreen.storyboard in Resources */ = {isa = PBXBuildFile; fileRef = 74ED8EC5236F3F42004BD10E /* LaunchScreen.storyboard */; };
		74ED8ED0236F3FAD004BD10E /* Main.swift in Sources */ = {isa = PBXBuildFile; fileRef = 74ED8ECE236F3FAC004BD10E /* Main.swift */; };
		74ED8ED1236F3FAD004BD10E /* LiveView.swift in Sources */ = {isa = PBXBuildFile; fileRef = 74ED8ECF236F3FAD004BD10E /* LiveView.swift */; };
/* End PBXBuildFile section */

/* Begin PBXFileReference section */
		7418C5E92371F87500261816 /* ShareView.swift */ = {isa = PBXFileReference; lastKnownFileType = sourcecode.swift; path = ShareView.swift; sourceTree = "<group>"; };
		7418C60B23772EF100261816 /* DisplayPhoto.swift */ = {isa = PBXFileReference; lastKnownFileType = sourcecode.swift; path = DisplayPhoto.swift; sourceTree = "<group>"; };
		7418C60D2377304E00261816 /* DisplayPhotoView.swift */ = {isa = PBXFileReference; lastKnownFileType = sourcecode.swift; path = DisplayPhotoView.swift; sourceTree = "<group>"; };
		7429783223703B570094A16B /* Constants.swift */ = {isa = PBXFileReference; lastKnownFileType = sourcecode.swift; path = Constants.swift; sourceTree = "<group>"; };
		745125C623782D96002616C4 /* PDF.swift */ = {isa = PBXFileReference; lastKnownFileType = sourcecode.swift; path = PDF.swift; sourceTree = "<group>"; };
		745125C823782E66002616C4 /* Share.swift */ = {isa = PBXFileReference; lastKnownFileType = sourcecode.swift; path = Share.swift; sourceTree = "<group>"; };
		74C2C1A823707A8B00D976DE /* GridView.swift */ = {isa = PBXFileReference; lastKnownFileType = sourcecode.swift; path = GridView.swift; sourceTree = "<group>"; };
		74C8A349236F6E2A000F4314 /* DisplayView.swift */ = {isa = PBXFileReference; lastKnownFileType = sourcecode.swift; path = DisplayView.swift; sourceTree = "<group>"; };
		74C8A34B236F6ED2000F4314 /* CaptureView.swift */ = {isa = PBXFileReference; lastKnownFileType = sourcecode.swift; path = CaptureView.swift; sourceTree = "<group>"; };
		74C8A35023700C76000F4314 /* PageView.swift */ = {isa = PBXFileReference; lastKnownFileType = sourcecode.swift; path = PageView.swift; sourceTree = "<group>"; };
		74C8A35223701055000F4314 /* PhotoView.swift */ = {isa = PBXFileReference; lastKnownFileType = sourcecode.swift; path = PhotoView.swift; sourceTree = "<group>"; };
		74C8A3542370112C000F4314 /* TemplateViews.swift */ = {isa = PBXFileReference; lastKnownFileType = sourcecode.swift; path = TemplateViews.swift; sourceTree = "<group>"; };
		74C8A35723701448000F4314 /* Models.swift */ = {isa = PBXFileReference; lastKnownFileType = sourcecode.swift; path = Models.swift; sourceTree = "<group>"; };
		74D0B7D4237045240026CDE9 /* GradientView.swift */ = {isa = PBXFileReference; lastKnownFileType = sourcecode.swift; path = GradientView.swift; sourceTree = "<group>"; };
		74DD430B2371D69D0010F122 /* document.json */ = {isa = PBXFileReference; fileEncoding = 4; lastKnownFileType = text.json; path = document.json; sourceTree = "<group>"; };
		74DD430C2371D69D0010F122 /* user.json */ = {isa = PBXFileReference; fileEncoding = 4; lastKnownFileType = text.json; path = user.json; sourceTree = "<group>"; };
		74DD430D2371D69D0010F122 /* page.json */ = {isa = PBXFileReference; fileEncoding = 4; lastKnownFileType = text.json; path = page.json; sourceTree = "<group>"; };
		74DD430E2371D69D0010F122 /* meta.json */ = {isa = PBXFileReference; fileEncoding = 4; lastKnownFileType = text.json; path = meta.json; sourceTree = "<group>"; };
		74DD43132371D7310010F122 /* Sketch.swift */ = {isa = PBXFileReference; lastKnownFileType = sourcecode.swift; path = Sketch.swift; sourceTree = "<group>"; };
		74ED8EB7236F3F3F004BD10E /* Sora.app */ = {isa = PBXFileReference; explicitFileType = wrapper.application; includeInIndex = 0; path = Sora.app; sourceTree = BUILT_PRODUCTS_DIR; };
		74ED8EBA236F3F3F004BD10E /* AppDelegate.swift */ = {isa = PBXFileReference; lastKnownFileType = sourcecode.swift; path = AppDelegate.swift; sourceTree = "<group>"; };
		74ED8EBC236F3F3F004BD10E /* SceneDelegate.swift */ = {isa = PBXFileReference; lastKnownFileType = sourcecode.swift; path = SceneDelegate.swift; sourceTree = "<group>"; };
		74ED8EBE236F3F3F004BD10E /* ContentView.swift */ = {isa = PBXFileReference; lastKnownFileType = sourcecode.swift; path = ContentView.swift; sourceTree = "<group>"; };
		74ED8EC0236F3F42004BD10E /* Assets.xcassets */ = {isa = PBXFileReference; lastKnownFileType = folder.assetcatalog; path = Assets.xcassets; sourceTree = "<group>"; };
		74ED8EC3236F3F42004BD10E /* Preview Assets.xcassets */ = {isa = PBXFileReference; lastKnownFileType = folder.assetcatalog; path = "Preview Assets.xcassets"; sourceTree = "<group>"; };
		74ED8EC6236F3F42004BD10E /* Base */ = {isa = PBXFileReference; lastKnownFileType = file.storyboard; name = Base; path = Base.lproj/LaunchScreen.storyboard; sourceTree = "<group>"; };
		74ED8EC8236F3F42004BD10E /* Info.plist */ = {isa = PBXFileReference; lastKnownFileType = text.plist.xml; path = Info.plist; sourceTree = "<group>"; };
		74ED8ECE236F3FAC004BD10E /* Main.swift */ = {isa = PBXFileReference; fileEncoding = 4; lastKnownFileType = sourcecode.swift; path = Main.swift; sourceTree = "<group>"; };
		74ED8ECF236F3FAD004BD10E /* LiveView.swift */ = {isa = PBXFileReference; fileEncoding = 4; lastKnownFileType = sourcecode.swift; path = LiveView.swift; sourceTree = "<group>"; };
		A15160F184845C099813ADE5 /* Pods-Sora.debug.xcconfig */ = {isa = PBXFileReference; includeInIndex = 1; lastKnownFileType = text.xcconfig; name = "Pods-Sora.debug.xcconfig"; path = "Target Support Files/Pods-Sora/Pods-Sora.debug.xcconfig"; sourceTree = "<group>"; };
		BFA2A03AAA76417A55859E3D /* Pods_Sora.framework */ = {isa = PBXFileReference; explicitFileType = wrapper.framework; includeInIndex = 0; path = Pods_Sora.framework; sourceTree = BUILT_PRODUCTS_DIR; };
		EBDDAF49C394E90465F1696E /* Pods-Sora.release.xcconfig */ = {isa = PBXFileReference; includeInIndex = 1; lastKnownFileType = text.xcconfig; name = "Pods-Sora.release.xcconfig"; path = "Target Support Files/Pods-Sora/Pods-Sora.release.xcconfig"; sourceTree = "<group>"; };
/* End PBXFileReference section */

/* Begin PBXFrameworksBuildPhase section */
		74ED8EB4236F3F3F004BD10E /* Frameworks */ = {
			isa = PBXFrameworksBuildPhase;
			buildActionMask = 2147483647;
			files = (
				71DA31AFD95FE797AFCE3458 /* Pods_Sora.framework in Frameworks */,
			);
			runOnlyForDeploymentPostprocessing = 0;
		};
/* End PBXFrameworksBuildPhase section */

/* Begin PBXGroup section */
		364D74D763BAE88D4B4DE3CC /* Frameworks */ = {
			isa = PBXGroup;
			children = (
				BFA2A03AAA76417A55859E3D /* Pods_Sora.framework */,
			);
			name = Frameworks;
			sourceTree = "<group>";
		};
		7418C5E82371F85F00261816 /* Other */ = {
			isa = PBXGroup;
			children = (
				74C8A3542370112C000F4314 /* TemplateViews.swift */,
				74D0B7D4237045240026CDE9 /* GradientView.swift */,
				7418C5E92371F87500261816 /* ShareView.swift */,
			);
			path = Other;
			sourceTree = "<group>";
		};
		745125CB23782E7F002616C4 /* Main */ = {
			isa = PBXGroup;
			children = (
				74ED8ECE236F3FAC004BD10E /* Main.swift */,
				7429783223703B570094A16B /* Constants.swift */,
				7418C60B23772EF100261816 /* DisplayPhoto.swift */,
				74C8A35723701448000F4314 /* Models.swift */,
				74DD43132371D7310010F122 /* Sketch.swift */,
				745125C623782D96002616C4 /* PDF.swift */,
				745125C823782E66002616C4 /* Share.swift */,
			);
			path = Main;
			sourceTree = "<group>";
		};
		74C2C1A723707A7A00D976DE /* Grid */ = {
			isa = PBXGroup;
			children = (
				74C2C1A823707A8B00D976DE /* GridView.swift */,
			);
			path = Grid;
			sourceTree = "<group>";
		};
		74C8A34D236F7017000F4314 /* Views */ = {
			isa = PBXGroup;
			children = (
				74ED8EBE236F3F3F004BD10E /* ContentView.swift */,
				74C8A34E236F7027000F4314 /* Capture */,
				74C2C1A723707A7A00D976DE /* Grid */,
				74C8A34F236F702F000F4314 /* Display */,
				7418C5E82371F85F00261816 /* Other */,
			);
			path = Views;
			sourceTree = "<group>";
		};
		74C8A34E236F7027000F4314 /* Capture */ = {
			isa = PBXGroup;
			children = (
				74C8A34B236F6ED2000F4314 /* CaptureView.swift */,
				74ED8ECF236F3FAD004BD10E /* LiveView.swift */,
			);
			path = Capture;
			sourceTree = "<group>";
		};
		74C8A34F236F702F000F4314 /* Display */ = {
			isa = PBXGroup;
			children = (
				74C8A349236F6E2A000F4314 /* DisplayView.swift */,
				7418C60D2377304E00261816 /* DisplayPhotoView.swift */,
				74C8A35023700C76000F4314 /* PageView.swift */,
				74C8A35223701055000F4314 /* PhotoView.swift */,
			);
			path = Display;
			sourceTree = "<group>";
		};
		74DD430A2371D69D0010F122 /* Sketch */ = {
			isa = PBXGroup;
			children = (
				74DD430B2371D69D0010F122 /* document.json */,
				74DD430C2371D69D0010F122 /* user.json */,
				74DD430D2371D69D0010F122 /* page.json */,
				74DD430E2371D69D0010F122 /* meta.json */,
			);
			path = Sketch;
			sourceTree = "<group>";
		};
		74ED8EAE236F3F3F004BD10E = {
			isa = PBXGroup;
			children = (
				74ED8EB9236F3F3F004BD10E /* Sora */,
				74ED8EB8236F3F3F004BD10E /* Products */,
				ED4070C8AB2D4CAA2961D39B /* Pods */,
				364D74D763BAE88D4B4DE3CC /* Frameworks */,
			);
			sourceTree = "<group>";
		};
		74ED8EB8236F3F3F004BD10E /* Products */ = {
			isa = PBXGroup;
			children = (
				74ED8EB7236F3F3F004BD10E /* Sora.app */,
			);
			name = Products;
			sourceTree = "<group>";
		};
		74ED8EB9236F3F3F004BD10E /* Sora */ = {
			isa = PBXGroup;
			children = (
				74ED8EBA236F3F3F004BD10E /* AppDelegate.swift */,
				74ED8EBC236F3F3F004BD10E /* SceneDelegate.swift */,
				74C8A34D236F7017000F4314 /* Views */,
				745125CB23782E7F002616C4 /* Main */,
				74ED8EC0236F3F42004BD10E /* Assets.xcassets */,
				74ED8EC5236F3F42004BD10E /* LaunchScreen.storyboard */,
				74ED8EC8236F3F42004BD10E /* Info.plist */,
				74DD430A2371D69D0010F122 /* Sketch */,
				74ED8EC2236F3F42004BD10E /* Preview Content */,
			);
			path = Sora;
			sourceTree = "<group>";
		};
		74ED8EC2236F3F42004BD10E /* Preview Content */ = {
			isa = PBXGroup;
			children = (
				74ED8EC3236F3F42004BD10E /* Preview Assets.xcassets */,
			);
			path = "Preview Content";
			sourceTree = "<group>";
		};
		ED4070C8AB2D4CAA2961D39B /* Pods */ = {
			isa = PBXGroup;
			children = (
				A15160F184845C099813ADE5 /* Pods-Sora.debug.xcconfig */,
				EBDDAF49C394E90465F1696E /* Pods-Sora.release.xcconfig */,
			);
			path = Pods;
			sourceTree = "<group>";
		};
/* End PBXGroup section */

/* Begin PBXNativeTarget section */
		74ED8EB6236F3F3F004BD10E /* Sora */ = {
			isa = PBXNativeTarget;
			buildConfigurationList = 74ED8ECB236F3F42004BD10E /* Build configuration list for PBXNativeTarget "Sora" */;
			buildPhases = (
				54355B07FC93FE346162F06E /* [CP] Check Pods Manifest.lock */,
				74ED8EB3236F3F3F004BD10E /* Sources */,
				74ED8EB4236F3F3F004BD10E /* Frameworks */,
				74ED8EB5236F3F3F004BD10E /* Resources */,
				888511C053626C1C66D5BE48 /* [CP] Embed Pods Frameworks */,
			);
			buildRules = (
			);
			dependencies = (
			);
			name = Sora;
			productName = Sora;
			productReference = 74ED8EB7236F3F3F004BD10E /* Sora.app */;
			productType = "com.apple.product-type.application";
		};
/* End PBXNativeTarget section */

/* Begin PBXProject section */
		74ED8EAF236F3F3F004BD10E /* Project object */ = {
			isa = PBXProject;
			attributes = {
				LastSwiftUpdateCheck = 1120;
				LastUpgradeCheck = 1120;
				ORGANIZATIONNAME = Hexagons;
				TargetAttributes = {
					74ED8EB6236F3F3F004BD10E = {
						CreatedOnToolsVersion = 11.2;
					};
				};
			};
			buildConfigurationList = 74ED8EB2236F3F3F004BD10E /* Build configuration list for PBXProject "Sora" */;
			compatibilityVersion = "Xcode 9.3";
			developmentRegion = en;
			hasScannedForEncodings = 0;
			knownRegions = (
				en,
				Base,
			);
			mainGroup = 74ED8EAE236F3F3F004BD10E;
			productRefGroup = 74ED8EB8236F3F3F004BD10E /* Products */;
			projectDirPath = "";
			projectRoot = "";
			targets = (
				74ED8EB6236F3F3F004BD10E /* Sora */,
			);
		};
/* End PBXProject section */

/* Begin PBXResourcesBuildPhase section */
		74ED8EB5236F3F3F004BD10E /* Resources */ = {
			isa = PBXResourcesBuildPhase;
			buildActionMask = 2147483647;
			files = (
				74DD430F2371D69D0010F122 /* document.json in Resources */,
				74ED8EC7236F3F42004BD10E /* LaunchScreen.storyboard in Resources */,
				74DD43122371D69D0010F122 /* meta.json in Resources */,
				74DD43112371D69D0010F122 /* page.json in Resources */,
				74ED8EC4236F3F42004BD10E /* Preview Assets.xcassets in Resources */,
				74ED8EC1236F3F42004BD10E /* Assets.xcassets in Resources */,
				74DD43102371D69D0010F122 /* user.json in Resources */,
			);
			runOnlyForDeploymentPostprocessing = 0;
		};
/* End PBXResourcesBuildPhase section */

/* Begin PBXShellScriptBuildPhase section */
		54355B07FC93FE346162F06E /* [CP] Check Pods Manifest.lock */ = {
			isa = PBXShellScriptBuildPhase;
			buildActionMask = 2147483647;
			files = (
			);
			inputFileListPaths = (
			);
			inputPaths = (
				"${PODS_PODFILE_DIR_PATH}/Podfile.lock",
				"${PODS_ROOT}/Manifest.lock",
			);
			name = "[CP] Check Pods Manifest.lock";
			outputFileListPaths = (
			);
			outputPaths = (
				"$(DERIVED_FILE_DIR)/Pods-Sora-checkManifestLockResult.txt",
			);
			runOnlyForDeploymentPostprocessing = 0;
			shellPath = /bin/sh;
			shellScript = "diff \"${PODS_PODFILE_DIR_PATH}/Podfile.lock\" \"${PODS_ROOT}/Manifest.lock\" > /dev/null\nif [ $? != 0 ] ; then\n    # print error to STDERR\n    echo \"error: The sandbox is not in sync with the Podfile.lock. Run 'pod install' or update your CocoaPods installation.\" >&2\n    exit 1\nfi\n# This output is used by Xcode 'outputs' to avoid re-running this script phase.\necho \"SUCCESS\" > \"${SCRIPT_OUTPUT_FILE_0}\"\n";
			showEnvVarsInLog = 0;
		};
		888511C053626C1C66D5BE48 /* [CP] Embed Pods Frameworks */ = {
			isa = PBXShellScriptBuildPhase;
			buildActionMask = 2147483647;
			files = (
			);
			inputFileListPaths = (
				"${PODS_ROOT}/Target Support Files/Pods-Sora/Pods-Sora-frameworks-${CONFIGURATION}-input-files.xcfilelist",
			);
			name = "[CP] Embed Pods Frameworks";
			outputFileListPaths = (
				"${PODS_ROOT}/Target Support Files/Pods-Sora/Pods-Sora-frameworks-${CONFIGURATION}-output-files.xcfilelist",
			);
			runOnlyForDeploymentPostprocessing = 0;
			shellPath = /bin/sh;
			shellScript = "\"${PODS_ROOT}/Target Support Files/Pods-Sora/Pods-Sora-frameworks.sh\"\n";
			showEnvVarsInLog = 0;
		};
/* End PBXShellScriptBuildPhase section */

/* Begin PBXSourcesBuildPhase section */
		74ED8EB3236F3F3F004BD10E /* Sources */ = {
			isa = PBXSourcesBuildPhase;
			buildActionMask = 2147483647;
			files = (
				745125C723782D96002616C4 /* PDF.swift in Sources */,
				74ED8EBB236F3F3F004BD10E /* AppDelegate.swift in Sources */,
				74C8A35123700C76000F4314 /* PageView.swift in Sources */,
				74C8A34C236F6ED2000F4314 /* CaptureView.swift in Sources */,
				74C8A3552370112D000F4314 /* TemplateViews.swift in Sources */,
				745125C923782E66002616C4 /* Share.swift in Sources */,
				74C8A35323701055000F4314 /* PhotoView.swift in Sources */,
				74ED8ED1236F3FAD004BD10E /* LiveView.swift in Sources */,
				74ED8EBD236F3F3F004BD10E /* SceneDelegate.swift in Sources */,
				74ED8ED0236F3FAD004BD10E /* Main.swift in Sources */,
				7418C5EA2371F87500261816 /* ShareView.swift in Sources */,
				74C8A35823701448000F4314 /* Models.swift in Sources */,
				74ED8EBF236F3F3F004BD10E /* ContentView.swift in Sources */,
				74C2C1A923707A8B00D976DE /* GridView.swift in Sources */,
				7418C60C23772EF100261816 /* DisplayPhoto.swift in Sources */,
				74D0B7D5237045240026CDE9 /* GradientView.swift in Sources */,
				74DD43142371D7310010F122 /* Sketch.swift in Sources */,
				74C8A34A236F6E2A000F4314 /* DisplayView.swift in Sources */,
				7413BD82237825440059E297 /* DisplayPhotoView.swift in Sources */,
				7429783323703B570094A16B /* Constants.swift in Sources */,
			);
			runOnlyForDeploymentPostprocessing = 0;
		};
/* End PBXSourcesBuildPhase section */

/* Begin PBXVariantGroup section */
		74ED8EC5236F3F42004BD10E /* LaunchScreen.storyboard */ = {
			isa = PBXVariantGroup;
			children = (
				74ED8EC6236F3F42004BD10E /* Base */,
			);
			name = LaunchScreen.storyboard;
			sourceTree = "<group>";
		};
/* End PBXVariantGroup section */

/* Begin XCBuildConfiguration section */
		74ED8EC9236F3F42004BD10E /* Debug */ = {
			isa = XCBuildConfiguration;
			buildSettings = {
				ALWAYS_SEARCH_USER_PATHS = NO;
				CLANG_ANALYZER_NONNULL = YES;
				CLANG_ANALYZER_NUMBER_OBJECT_CONVERSION = YES_AGGRESSIVE;
				CLANG_CXX_LANGUAGE_STANDARD = "gnu++14";
				CLANG_CXX_LIBRARY = "libc++";
				CLANG_ENABLE_MODULES = YES;
				CLANG_ENABLE_OBJC_ARC = YES;
				CLANG_ENABLE_OBJC_WEAK = YES;
				CLANG_WARN_BLOCK_CAPTURE_AUTORELEASING = YES;
				CLANG_WARN_BOOL_CONVERSION = YES;
				CLANG_WARN_COMMA = YES;
				CLANG_WARN_CONSTANT_CONVERSION = YES;
				CLANG_WARN_DEPRECATED_OBJC_IMPLEMENTATIONS = YES;
				CLANG_WARN_DIRECT_OBJC_ISA_USAGE = YES_ERROR;
				CLANG_WARN_DOCUMENTATION_COMMENTS = YES;
				CLANG_WARN_EMPTY_BODY = YES;
				CLANG_WARN_ENUM_CONVERSION = YES;
				CLANG_WARN_INFINITE_RECURSION = YES;
				CLANG_WARN_INT_CONVERSION = YES;
				CLANG_WARN_NON_LITERAL_NULL_CONVERSION = YES;
				CLANG_WARN_OBJC_IMPLICIT_RETAIN_SELF = YES;
				CLANG_WARN_OBJC_LITERAL_CONVERSION = YES;
				CLANG_WARN_OBJC_ROOT_CLASS = YES_ERROR;
				CLANG_WARN_RANGE_LOOP_ANALYSIS = YES;
				CLANG_WARN_STRICT_PROTOTYPES = YES;
				CLANG_WARN_SUSPICIOUS_MOVE = YES;
				CLANG_WARN_UNGUARDED_AVAILABILITY = YES_AGGRESSIVE;
				CLANG_WARN_UNREACHABLE_CODE = YES;
				CLANG_WARN__DUPLICATE_METHOD_MATCH = YES;
				COPY_PHASE_STRIP = NO;
				DEBUG_INFORMATION_FORMAT = dwarf;
				ENABLE_STRICT_OBJC_MSGSEND = YES;
				ENABLE_TESTABILITY = YES;
				GCC_C_LANGUAGE_STANDARD = gnu11;
				GCC_DYNAMIC_NO_PIC = NO;
				GCC_NO_COMMON_BLOCKS = YES;
				GCC_OPTIMIZATION_LEVEL = 0;
				GCC_PREPROCESSOR_DEFINITIONS = (
					"DEBUG=1",
					"$(inherited)",
				);
				GCC_WARN_64_TO_32_BIT_CONVERSION = YES;
				GCC_WARN_ABOUT_RETURN_TYPE = YES_ERROR;
				GCC_WARN_UNDECLARED_SELECTOR = YES;
				GCC_WARN_UNINITIALIZED_AUTOS = YES_AGGRESSIVE;
				GCC_WARN_UNUSED_FUNCTION = YES;
				GCC_WARN_UNUSED_VARIABLE = YES;
				IPHONEOS_DEPLOYMENT_TARGET = 13.2;
				MTL_ENABLE_DEBUG_INFO = INCLUDE_SOURCE;
				MTL_FAST_MATH = YES;
				ONLY_ACTIVE_ARCH = YES;
				SDKROOT = iphoneos;
				SWIFT_ACTIVE_COMPILATION_CONDITIONS = DEBUG;
				SWIFT_OPTIMIZATION_LEVEL = "-Onone";
			};
			name = Debug;
		};
		74ED8ECA236F3F42004BD10E /* Release */ = {
			isa = XCBuildConfiguration;
			buildSettings = {
				ALWAYS_SEARCH_USER_PATHS = NO;
				CLANG_ANALYZER_NONNULL = YES;
				CLANG_ANALYZER_NUMBER_OBJECT_CONVERSION = YES_AGGRESSIVE;
				CLANG_CXX_LANGUAGE_STANDARD = "gnu++14";
				CLANG_CXX_LIBRARY = "libc++";
				CLANG_ENABLE_MODULES = YES;
				CLANG_ENABLE_OBJC_ARC = YES;
				CLANG_ENABLE_OBJC_WEAK = YES;
				CLANG_WARN_BLOCK_CAPTURE_AUTORELEASING = YES;
				CLANG_WARN_BOOL_CONVERSION = YES;
				CLANG_WARN_COMMA = YES;
				CLANG_WARN_CONSTANT_CONVERSION = YES;
				CLANG_WARN_DEPRECATED_OBJC_IMPLEMENTATIONS = YES;
				CLANG_WARN_DIRECT_OBJC_ISA_USAGE = YES_ERROR;
				CLANG_WARN_DOCUMENTATION_COMMENTS = YES;
				CLANG_WARN_EMPTY_BODY = YES;
				CLANG_WARN_ENUM_CONVERSION = YES;
				CLANG_WARN_INFINITE_RECURSION = YES;
				CLANG_WARN_INT_CONVERSION = YES;
				CLANG_WARN_NON_LITERAL_NULL_CONVERSION = YES;
				CLANG_WARN_OBJC_IMPLICIT_RETAIN_SELF = YES;
				CLANG_WARN_OBJC_LITERAL_CONVERSION = YES;
				CLANG_WARN_OBJC_ROOT_CLASS = YES_ERROR;
				CLANG_WARN_RANGE_LOOP_ANALYSIS = YES;
				CLANG_WARN_STRICT_PROTOTYPES = YES;
				CLANG_WARN_SUSPICIOUS_MOVE = YES;
				CLANG_WARN_UNGUARDED_AVAILABILITY = YES_AGGRESSIVE;
				CLANG_WARN_UNREACHABLE_CODE = YES;
				CLANG_WARN__DUPLICATE_METHOD_MATCH = YES;
				COPY_PHASE_STRIP = NO;
				DEBUG_INFORMATION_FORMAT = "dwarf-with-dsym";
				ENABLE_NS_ASSERTIONS = NO;
				ENABLE_STRICT_OBJC_MSGSEND = YES;
				GCC_C_LANGUAGE_STANDARD = gnu11;
				GCC_NO_COMMON_BLOCKS = YES;
				GCC_WARN_64_TO_32_BIT_CONVERSION = YES;
				GCC_WARN_ABOUT_RETURN_TYPE = YES_ERROR;
				GCC_WARN_UNDECLARED_SELECTOR = YES;
				GCC_WARN_UNINITIALIZED_AUTOS = YES_AGGRESSIVE;
				GCC_WARN_UNUSED_FUNCTION = YES;
				GCC_WARN_UNUSED_VARIABLE = YES;
				IPHONEOS_DEPLOYMENT_TARGET = 13.2;
				MTL_ENABLE_DEBUG_INFO = NO;
				MTL_FAST_MATH = YES;
				SDKROOT = iphoneos;
				SWIFT_COMPILATION_MODE = wholemodule;
				SWIFT_OPTIMIZATION_LEVEL = "-O";
				VALIDATE_PRODUCT = YES;
			};
			name = Release;
		};
		74ED8ECC236F3F42004BD10E /* Debug */ = {
			isa = XCBuildConfiguration;
			baseConfigurationReference = A15160F184845C099813ADE5 /* Pods-Sora.debug.xcconfig */;
			buildSettings = {
				ASSETCATALOG_COMPILER_APPICON_NAME = AppIcon;
				CODE_SIGN_STYLE = Automatic;
				DEVELOPMENT_ASSET_PATHS = "\"Sora/Preview Content\"";
				DEVELOPMENT_TEAM = 2QHTY6FMW2;
				ENABLE_PREVIEWS = YES;
				INFOPLIST_FILE = Sora/Info.plist;
				IPHONEOS_DEPLOYMENT_TARGET = 13.0;
				LD_RUNPATH_SEARCH_PATHS = (
					"$(inherited)",
					"@executable_path/Frameworks",
				);
				PRODUCT_BUNDLE_IDENTIFIER = se.hexagons.sora;
				PRODUCT_NAME = "$(TARGET_NAME)";
				SWIFT_OPTIMIZATION_LEVEL = "-O";
				SWIFT_VERSION = 5.0;
				TARGETED_DEVICE_FAMILY = 1;
			};
			name = Debug;
		};
		74ED8ECD236F3F42004BD10E /* Release */ = {
			isa = XCBuildConfiguration;
			baseConfigurationReference = EBDDAF49C394E90465F1696E /* Pods-Sora.release.xcconfig */;
			buildSettings = {
				ASSETCATALOG_COMPILER_APPICON_NAME = AppIcon;
				CODE_SIGN_STYLE = Automatic;
				DEVELOPMENT_ASSET_PATHS = "\"Sora/Preview Content\"";
				DEVELOPMENT_TEAM = 2QHTY6FMW2;
				ENABLE_PREVIEWS = YES;
				INFOPLIST_FILE = Sora/Info.plist;
				IPHONEOS_DEPLOYMENT_TARGET = 13.0;
				LD_RUNPATH_SEARCH_PATHS = (
					"$(inherited)",
					"@executable_path/Frameworks",
				);
				PRODUCT_BUNDLE_IDENTIFIER = se.hexagons.sora;
				PRODUCT_NAME = "$(TARGET_NAME)";
				SWIFT_VERSION = 5.0;
				TARGETED_DEVICE_FAMILY = 1;
			};
			name = Release;
		};
/* End XCBuildConfiguration section */

/* Begin XCConfigurationList section */
		74ED8EB2236F3F3F004BD10E /* Build configuration list for PBXProject "Sora" */ = {
			isa = XCConfigurationList;
			buildConfigurations = (
				74ED8EC9236F3F42004BD10E /* Debug */,
				74ED8ECA236F3F42004BD10E /* Release */,
			);
			defaultConfigurationIsVisible = 0;
			defaultConfigurationName = Release;
		};
		74ED8ECB236F3F42004BD10E /* Build configuration list for PBXNativeTarget "Sora" */ = {
			isa = XCConfigurationList;
			buildConfigurations = (
				74ED8ECC236F3F42004BD10E /* Debug */,
				74ED8ECD236F3F42004BD10E /* Release */,
			);
			defaultConfigurationIsVisible = 0;
			defaultConfigurationName = Release;
		};
/* End XCConfigurationList section */
	};
	rootObject = 74ED8EAF236F3F3F004BD10E /* Project object */;
}
